
Microsoft Visual Studio Solution File, Format Version 12.00
# Visual Studio Version 16
VisualStudioVersion = 16.0.29613.14
MinimumVisualStudioVersion = 10.0.40219.1
Project("{FAE04EC0-301F-11D3-BF4B-00C04F79EFBC}") = "XMCL", "XMCL\XMCL.csproj", "{5CCFC355-A003-48F3-9EDA-90E69714AF60}"
EndProject
Project("{FAE04EC0-301F-11D3-BF4B-00C04F79EFBC}") = "XMCL.Core", "XMCL.Core\XMCL.Core.csproj", "{06C570B9-133B-4104-97F2-33C94CE15694}"
EndProject
Global
	GlobalSection(SolutionConfigurationPlatforms) = preSolution
		Debug|Any CPU = Debug|Any CPU
		Debug|x64 = Debug|x64
		Debug|x86 = Debug|x86
		Release|Any CPU = Release|Any CPU
		Release|x64 = Release|x64
		Release|x86 = Release|x86
	EndGlobalSection
	GlobalSection(ProjectConfigurationPlatforms) = postSolution
		{5CCFC355-A003-48F3-9EDA-90E69714AF60}.Debug|Any CPU.ActiveCfg = Debug|Any CPU
		{5CCFC355-A003-48F3-9EDA-90E69714AF60}.Debug|Any CPU.Build.0 = Debug|Any CPU
		{5CCFC355-A003-48F3-9EDA-90E69714AF60}.Debug|x64.ActiveCfg = Debug|Any CPU
		{5CCFC355-A003-48F3-9EDA-90E69714AF60}.Debug|x64.Build.0 = Debug|Any CPU
		{5CCFC355-A003-48F3-9EDA-90E69714AF60}.Debug|x86.ActiveCfg = Debug|x86
		{5CCFC355-A003-48F3-9EDA-90E69714AF60}.Debug|x86.Build.0 = Debug|x86
		{5CCFC355-A003-48F3-9EDA-90E69714AF60}.Release|Any CPU.ActiveCfg = Release|Any CPU
		{5CCFC355-A003-48F3-9EDA-90E69714AF60}.Release|Any CPU.Build.0 = Release|Any CPU
		{5CCFC355-A003-48F3-9EDA-90E69714AF60}.Release|x64.ActiveCfg = Release|Any CPU
		{5CCFC355-A003-48F3-9EDA-90E69714AF60}.Release|x64.Build.0 = Release|Any CPU
		{5CCFC355-A003-48F3-9EDA-90E69714AF60}.Release|x86.ActiveCfg = Release|x86
		{5CCFC355-A003-48F3-9EDA-90E69714AF60}.Release|x86.Build.0 = Release|x86
		{06C570B9-133B-4104-97F2-33C94CE15694}.Debug|Any CPU.ActiveCfg = Debug|Any CPU
		{06C570B9-133B-4104-97F2-33C94CE15694}.Debug|Any CPU.Build.0 = Debug|Any CPU
		{06C570B9-133B-4104-97F2-33C94CE15694}.Debug|x64.ActiveCfg = Debug|x64
		{06C570B9-133B-4104-97F2-33C94CE15694}.Debug|x64.Build.0 = Debug|x64
		{06C570B9-133B-4104-97F2-33C94CE15694}.Debug|x86.ActiveCfg = Debug|x64
		{06C570B9-133B-4104-97F2-33C94CE15694}.Debug|x86.Build.0 = Debug|x64
		{06C570B9-133B-4104-97F2-33C94CE15694}.Release|Any CPU.ActiveCfg = Release|Any CPU
		{06C570B9-133B-4104-97F2-33C94CE15694}.Release|Any CPU.Build.0 = Release|Any CPU
		{06C570B9-133B-4104-97F2-33C94CE15694}.Release|x64.ActiveCfg = Release|x64
		{06C570B9-133B-4104-97F2-33C94CE15694}.Release|x64.Build.0 = Release|x64
		{06C570B9-133B-4104-97F2-33C94CE15694}.Release|x86.ActiveCfg = Release|Any CPU
		{06C570B9-133B-4104-97F2-33C94CE15694}.Release|x86.Build.0 = Release|Any CPU
	EndGlobalSection
	GlobalSection(SolutionProperties) = preSolution
		HideSolutionNode = FALSE
	EndGlobalSection
	GlobalSection(ExtensibilityGlobals) = postSolution
		SolutionGuid = {5960631B-4E37-4C37-AF86-9EEC073EB36A}
	EndGlobalSection
EndGlobal
